
Microsoft Visual Studio Solution File, Format Version 12.00
# Visual Studio 15
VisualStudioVersion = 15.0.28307.1062
MinimumVisualStudioVersion = 10.0.40219.1
Project("{FAE04EC0-301F-11D3-BF4B-00C04F79EFBC}") = "AutoCISHealthCheck", "AutoCISHealthCheck\AutoCISHealthCheck.csproj", "{6776E26A-3B8E-4403-A967-2FAB77D8AB4A}"
EndProject
Project("{888888A0-9F3D-457C-B088-3A5042F75D52}") = "CSG_py", "PythonApplication1\CSG_py.pyproj", "{D9D598EE-5861-415D-B924-4EEF02CFBBE0}"
EndProject
Global
	GlobalSection(SolutionConfigurationPlatforms) = preSolution
		Debug|Any CPU = Debug|Any CPU
		Release|Any CPU = Release|Any CPU
	EndGlobalSection
	GlobalSection(ProjectConfigurationPlatforms) = postSolution
		{6776E26A-3B8E-4403-A967-2FAB77D8AB4A}.Debug|Any CPU.ActiveCfg = Debug|Any CPU
		{6776E26A-3B8E-4403-A967-2FAB77D8AB4A}.Debug|Any CPU.Build.0 = Debug|Any CPU
		{6776E26A-3B8E-4403-A967-2FAB77D8AB4A}.Release|Any CPU.ActiveCfg = Release|Any CPU
		{6776E26A-3B8E-4403-A967-2FAB77D8AB4A}.Release|Any CPU.Build.0 = Release|Any CPU
		{D9D598EE-5861-415D-B924-4EEF02CFBBE0}.Debug|Any CPU.ActiveCfg = Debug|Any CPU
		{D9D598EE-5861-415D-B924-4EEF02CFBBE0}.Release|Any CPU.ActiveCfg = Release|Any CPU
	EndGlobalSection
	GlobalSection(SolutionProperties) = preSolution
		HideSolutionNode = FALSE
	EndGlobalSection
	GlobalSection(ExtensibilityGlobals) = postSolution
		SolutionGuid = {F662296B-3AC5-4D4B-B58A-77A0C9112730}
	EndGlobalSection
EndGlobal
